certifi==2025.11.12 --hash=sha256:97de8790030bbd5c2d96b7ec782fc2f7820ef8dba6db909ccf95449f2d062d4b
charset-normalizer==3.4.4 --hash=sha256:8a6562c3700cce886c5be75ade4a5db4214fda19fede41d9792d100288d8f94c
colorama==0.4.6 --hash=sha256:4f1d9991f5acc0ca119f9d443620b77f9d6b33703e51011c16baf57afb285fc6
filelock==3.20.0 --hash=sha256:339b4732ffda5cd79b13f4e2711a31b0365ce445d95d243bb996273d072546a2
flatbuffers==25.9.23 --hash=sha256:255538574d6cb6d0a79a17ec8bc0d30985913b87513a01cce8bcdb6b4c44d0e2
fsspec==2025.10.0 --hash=sha256:7c7712353ae7d875407f97715f0e1ffcc21e33d5b24556cb1e090ae9409ec61d
hf-xet==1.2.0 --hash=sha256:e6584a52253f72c9f52f9e549d5895ca7a471608495c4ecaa6cc73dba2b24d69
huggingface-hub==0.36.0 --hash=sha256:7bcc9ad17d5b3f07b57c78e79d527102d08313caa278a641993acddcb894548d
idna==3.11 --hash=sha256:771a87f49d9defaf64091e6e6fe9c18d4833f140bd19464795bc32d966ca37ea
numpy==2.5.3 --hash=sha256:2c25dfa72943e4336ddb6b0ee4277b47a0c85bede0807530ec68103bf58e2c10
onnxruntime==1.30.0 --hash=sha256:3bdd1752a8502ac1a7ccc6e878d16db6943df574d54ed7f01058a6806ae05be4
packaging==25.0 --hash=sha256:29572ef2b1f17581046b3a2227d5c611fb25ec70ca1ba8554b24b0e69331a484
protobuf==6.33.1 --hash=sha256:923aa6d27a92bf44394f6abf7ea0500f38769d4b07f4be41cb52bd8b1123b9ed
pyyaml==6.0.3 --hash=sha256:4a2e8cebe2ff6ab7d1050ecd59c25d4c8bd7e6f400f5f82b96557ac0abafd0ac
requests==2.32.5 --hash=sha256:2462f94637a34fd532264295e186976db0f5d453d1cdd31473c85a6a161affb6
tokenizers==0.23.2 --hash=sha256:2e96f5699d5249c9c64aa8412e044f727aae3a4098cf830f9901ec1afc361cde
tqdm==4.67.1 --hash=sha256:26445eca388f82e72884e0d580d5464cd801a3ea01e63e5601bdff9ba6a48de2
typing-extensions==4.15.0 --hash=sha256:f0fa19c6845758ab08074a0cfa8b7aecb71c999ca73d62883bc25cc018c4e548
urllib3==2.5.0 --hash=sha256:e6b01673c0fa6a13e374b50871808eb3bf7046c4b125b216f6bf1cc604cff0dc
